// !$*UTF8*$!
{
	archiveVersion = 1;
	classes = {
	};
	objectVersion = 77;
	objects = {

/* Begin PBXBuildFile section */
		896F8E112DD112E800A641D5 /* opening.mp3 in Resources */ = {isa = PBXBuildFile; fileRef = 896F8E102DD112E800A641D5 /* opening.mp3 */; };
		896F8E132DD118CF00A641D5 /* bgm1.ogg in Resources */ = {isa = PBXBuildFile; fileRef = 896F8E122DD118CF00A641D5 /* bgm1.ogg */; };
		896F8E2D2DD11C1100A641D5 /* bgm1.mp3 in Resources */ = {isa = PBXBuildFile; fileRef = 896F8E2C2DD11C1100A641D5 /* bgm1.mp3 */; };
/* End PBXBuildFile section */

/* Begin PBXContainerItemProxy section */
		896F8DAB2DD1050700A641D5 /* PBXContainerItemProxy */ = {
			isa = PBXContainerItemProxy;
			containerPortal = 896F8D932DD1050600A641D5 /* Project object */;
			proxyType = 1;
			remoteGlobalIDString = 896F8D9A2DD1050600A641D5;
			remoteInfo = ShikiShiroFanClub;
		};
		896F8DB52DD1050700A641D5 /* PBXContainerItemProxy */ = {
			isa = PBXContainerItemProxy;
			containerPortal = 896F8D932DD1050600A641D5 /* Project object */;
			proxyType = 1;
			remoteGlobalIDString = 896F8D9A2DD1050600A641D5;
			remoteInfo = ShikiShiroFanClub;
		};
/* End PBXContainerItemProxy section */

/* Begin PBXFileReference section */
		896F8D9B2DD1050600A641D5 /* ShikiShiroFanClub.app */ = {isa = PBXFileReference; explicitFileType = wrapper.application; includeInIndex = 0; path = ShikiShiroFanClub.app; sourceTree = BUILT_PRODUCTS_DIR; };
		896F8DAA2DD1050700A641D5 /* ShikiShiroFanClubTests.xctest */ = {isa = PBXFileReference; explicitFileType = wrapper.cfbundle; includeInIndex = 0; path = ShikiShiroFanClubTests.xctest; sourceTree = BUILT_PRODUCTS_DIR; };
		896F8DB42DD1050700A641D5 /* ShikiShiroFanClubUITests.xctest */ = {isa = PBXFileReference; explicitFileType = wrapper.cfbundle; includeInIndex = 0; path = ShikiShiroFanClubUITests.xctest; sourceTree = BUILT_PRODUCTS_DIR; };
		896F8E102DD112E800A641D5 /* opening.mp3 */ = {isa = PBXFileReference; lastKnownFileType = audio.mp3; path = opening.mp3; sourceTree = "<group>"; };
		896F8E122DD118CF00A641D5 /* bgm1.ogg */ = {isa = PBXFileReference; lastKnownFileType = file; path = bgm1.ogg; sourceTree = "<group>"; };
		896F8E2C2DD11C1100A641D5 /* bgm1.mp3 */ = {isa = PBXFileReference; lastKnownFileType = audio.mp3; path = bgm1.mp3; sourceTree = "<group>"; };
/* End PBXFileReference section */

/* Begin PBXFileSystemSynchronizedRootGroup section */
		896F8D9D2DD1050600A641D5 /* ShikiShiroFanClub */ = {
			isa = PBXFileSystemSynchronizedRootGroup;
			path = ShikiShiroFanClub;
			sourceTree = "<group>";
		};
		896F8DAD2DD1050700A641D5 /* ShikiShiroFanClubTests */ = {
			isa = PBXFileSystemSynchronizedRootGroup;
			path = ShikiShiroFanClubTests;
			sourceTree = "<group>";
		};
		896F8DB72DD1050700A641D5 /* ShikiShiroFanClubUITests */ = {
			isa = PBXFileSystemSynchronizedRootGroup;
			path = ShikiShiroFanClubUITests;
			sourceTree = "<group>";
		};
/* End PBXFileSystemSynchronizedRootGroup section */

/* Begin PBXFrameworksBuildPhase section */
		896F8D982DD1050600A641D5 /* Frameworks */ = {
			isa = PBXFrameworksBuildPhase;
			buildActionMask = 2147483647;
			files = (
			);
			runOnlyForDeploymentPostprocessing = 0;
		};
		896F8DA72DD1050700A641D5 /* Frameworks */ = {
			isa = PBXFrameworksBuildPhase;
			buildActionMask = 2147483647;
			files = (
			);
			runOnlyForDeploymentPostprocessing = 0;
		};
		896F8DB12DD1050700A641D5 /* Frameworks */ = {
			isa = PBXFrameworksBuildPhase;
			buildActionMask = 2147483647;
			files = (
			);
			runOnlyForDeploymentPostprocessing = 0;
		};
/* End PBXFrameworksBuildPhase section */

/* Begin PBXGroup section */
		896F8D922DD1050600A641D5 = {
			isa = PBXGroup;
			children = (
				896F8D9D2DD1050600A641D5 /* ShikiShiroFanClub */,
				896F8DAD2DD1050700A641D5 /* ShikiShiroFanClubTests */,
				896F8DB72DD1050700A641D5 /* ShikiShiroFanClubUITests */,
				896F8E102DD112E800A641D5 /* opening.mp3 */,
				896F8E122DD118CF00A641D5 /* bgm1.ogg */,
				896F8E2C2DD11C1100A641D5 /* bgm1.mp3 */,
				896F8D9C2DD1050600A641D5 /* Products */,
			);
			sourceTree = "<group>";
		};
		896F8D9C2DD1050600A641D5 /* Products */ = {
			isa = PBXGroup;
			children = (
				896F8D9B2DD1050600A641D5 /* ShikiShiroFanClub.app */,
				896F8DAA2DD1050700A641D5 /* ShikiShiroFanClubTests.xctest */,
				896F8DB42DD1050700A641D5 /* ShikiShiroFanClubUITests.xctest */,
			);
			name = Products;
			sourceTree = "<group>";
		};
/* End PBXGroup section */

/* Begin PBXNativeTarget section */
		896F8D9A2DD1050600A641D5 /* ShikiShiroFanClub */ = {
			isa = PBXNativeTarget;
			buildConfigurationList = 896F8DBE2DD1050700A641D5 /* Build configuration list for PBXNativeTarget "ShikiShiroFanClub" */;
			buildPhases = (
				896F8D972DD1050600A641D5 /* Sources */,
				896F8D982DD1050600A641D5 /* Frameworks */,
				896F8D992DD1050600A641D5 /* Resources */,
			);
			buildRules = (
			);
			dependencies = (
			);
			fileSystemSynchronizedGroups = (
				896F8D9D2DD1050600A641D5 /* ShikiShiroFanClub */,
			);
			name = ShikiShiroFanClub;
			packageProductDependencies = (
			);
			productName = ShikiShiroFanClub;
			productReference = 896F8D9B2DD1050600A641D5 /* ShikiShiroFanClub.app */;
			productType = "com.apple.product-type.application";
		};
		896F8DA92DD1050700A641D5 /* ShikiShiroFanClubTests */ = {
			isa = PBXNativeTarget;
			buildConfigurationList = 896F8DC12DD1050700A641D5 /* Build configuration list for PBXNativeTarget "ShikiShiroFanClubTests" */;
			buildPhases = (
				896F8DA62DD1050700A641D5 /* Sources */,
				896F8DA72DD1050700A641D5 /* Frameworks */,
				896F8DA82DD1050700A641D5 /* Resources */,
			);
			buildRules = (
			);
			dependencies = (
				896F8DAC2DD1050700A641D5 /* PBXTargetDependency */,
			);
			fileSystemSynchronizedGroups = (
				896F8DAD2DD1050700A641D5 /* ShikiShiroFanClubTests */,
			);
			name = ShikiShiroFanClubTests;
			packageProductDependencies = (
			);
			productName = ShikiShiroFanClubTests;
			productReference = 896F8DAA2DD1050700A641D5 /* ShikiShiroFanClubTests.xctest */;
			productType = "com.apple.product-type.bundle.unit-test";
		};
		896F8DB32DD1050700A641D5 /* ShikiShiroFanClubUITests */ = {
			isa = PBXNativeTarget;
			buildConfigurationList = 896F8DC42DD1050700A641D5 /* Build configuration list for PBXNativeTarget "ShikiShiroFanClubUITests" */;
			buildPhases = (
				896F8DB02DD1050700A641D5 /* Sources */,
				896F8DB12DD1050700A641D5 /* Frameworks */,
				896F8DB22DD1050700A641D5 /* Resources */,
			);
			buildRules = (
			);
			dependencies = (
				896F8DB62DD1050700A641D5 /* PBXTargetDependency */,
			);
			fileSystemSynchronizedGroups = (
				896F8DB72DD1050700A641D5 /* ShikiShiroFanClubUITests */,
			);
			name = ShikiShiroFanClubUITests;
			packageProductDependencies = (
			);
			productName = ShikiShiroFanClubUITests;
			productReference = 896F8DB42DD1050700A641D5 /* ShikiShiroFanClubUITests.xctest */;
			productType = "com.apple.product-type.bundle.ui-testing";
		};
/* End PBXNativeTarget section */

/* Begin PBXProject section */
		896F8D932DD1050600A641D5 /* Project object */ = {
			isa = PBXProject;
			attributes = {
				BuildIndependentTargetsInParallel = 1;
				LastSwiftUpdateCheck = 1630;
				LastUpgradeCheck = 1630;
				TargetAttributes = {
					896F8D9A2DD1050600A641D5 = {
						CreatedOnToolsVersion = 16.3;
					};
					896F8DA92DD1050700A641D5 = {
						CreatedOnToolsVersion = 16.3;
						TestTargetID = 896F8D9A2DD1050600A641D5;
					};
					896F8DB32DD1050700A641D5 = {
						CreatedOnToolsVersion = 16.3;
						TestTargetID = 896F8D9A2DD1050600A641D5;
					};
				};
			};
			buildConfigurationList = 896F8D962DD1050600A641D5 /* Build configuration list for PBXProject "ShikiShiroFanClub" */;
			developmentRegion = en;
			hasScannedForEncodings = 0;
			knownRegions = (
				en,
				Base,
			);
			mainGroup = 896F8D922DD1050600A641D5;
			minimizedProjectReferenceProxies = 1;
			preferredProjectObjectVersion = 77;
			productRefGroup = 896F8D9C2DD1050600A641D5 /* Products */;
			projectDirPath = "";
			projectRoot = "";
			targets = (
				896F8D9A2DD1050600A641D5 /* ShikiShiroFanClub */,
				896F8DA92DD1050700A641D5 /* ShikiShiroFanClubTests */,
				896F8DB32DD1050700A641D5 /* ShikiShiroFanClubUITests */,
			);
		};
/* End PBXProject section */

/* Begin PBXResourcesBuildPhase section */
		896F8D992DD1050600A641D5 /* Resources */ = {
			isa = PBXResourcesBuildPhase;
			buildActionMask = 2147483647;
			files = (
				896F8E112DD112E800A641D5 /* opening.mp3 in Resources */,
				896F8E2D2DD11C1100A641D5 /* bgm1.mp3 in Resources */,
				896F8E132DD118CF00A641D5 /* bgm1.ogg in Resources */,
			);
			runOnlyForDeploymentPostprocessing = 0;
		};
		896F8DA82DD1050700A641D5 /* Resources */ = {
			isa = PBXResourcesBuildPhase;
			buildActionMask = 2147483647;
			files = (
			);
			runOnlyForDeploymentPostprocessing = 0;
		};
		896F8DB22DD1050700A641D5 /* Resources */ = {
			isa = PBXResourcesBuildPhase;
			buildActionMask = 2147483647;
			files = (
			);
			runOnlyForDeploymentPostprocessing = 0;
		};
/* End PBXResourcesBuildPhase section */

/* Begin PBXSourcesBuildPhase section */
		896F8D972DD1050600A641D5 /* Sources */ = {
			isa = PBXSourcesBuildPhase;
			buildActionMask = 2147483647;
			files = (
			);
			runOnlyForDeploymentPostprocessing = 0;
		};
		896F8DA62DD1050700A641D5 /* Sources */ = {
			isa = PBXSourcesBuildPhase;
			buildActionMask = 2147483647;
			files = (
			);
			runOnlyForDeploymentPostprocessing = 0;
		};
		896F8DB02DD1050700A641D5 /* Sources */ = {
			isa = PBXSourcesBuildPhase;
			buildActionMask = 2147483647;
			files = (
			);
			runOnlyForDeploymentPostprocessing = 0;
		};
/* End PBXSourcesBuildPhase section */

/* Begin PBXTargetDependency section */
		896F8DAC2DD1050700A641D5 /* PBXTargetDependency */ = {
			isa = PBXTargetDependency;
			target = 896F8D9A2DD1050600A641D5 /* ShikiShiroFanClub */;
			targetProxy = 896F8DAB2DD1050700A641D5 /* PBXContainerItemProxy */;
		};
		896F8DB62DD1050700A641D5 /* PBXTargetDependency */ = {
			isa = PBXTargetDependency;
			target = 896F8D9A2DD1050600A641D5 /* ShikiShiroFanClub */;
			targetProxy = 896F8DB52DD1050700A641D5 /* PBXContainerItemProxy */;
		};
/* End PBXTargetDependency section */

/* Begin XCBuildConfiguration section */
		896F8DBC2DD1050700A641D5 /* Debug */ = {
			isa = XCBuildConfiguration;
			buildSettings = {
				ALWAYS_SEARCH_USER_PATHS = NO;
				ASSETCATALOG_COMPILER_GENERATE_SWIFT_ASSET_SYMBOL_EXTENSIONS = YES;
				CLANG_ANALYZER_NONNULL = YES;
				CLANG_ANALYZER_NUMBER_OBJECT_CONVERSION = YES_AGGRESSIVE;
				CLANG_CXX_LANGUAGE_STANDARD = "gnu++20";
				CLANG_ENABLE_MODULES = YES;
				CLANG_ENABLE_OBJC_ARC = YES;
				CLANG_ENABLE_OBJC_WEAK = YES;
				CLANG_WARN_BLOCK_CAPTURE_AUTORELEASING = YES;
				CLANG_WARN_BOOL_CONVERSION = YES;
				CLANG_WARN_COMMA = YES;
				CLANG_WARN_CONSTANT_CONVERSION = YES;
				CLANG_WARN_DEPRECATED_OBJC_IMPLEMENTATIONS = YES;
				CLANG_WARN_DIRECT_OBJC_ISA_USAGE = YES_ERROR;
				CLANG_WARN_DOCUMENTATION_COMMENTS = YES;
				CLANG_WARN_EMPTY_BODY = YES;
				CLANG_WARN_ENUM_CONVERSION = YES;
				CLANG_WARN_INFINITE_RECURSION = YES;
				CLANG_WARN_INT_CONVERSION = YES;
				CLANG_WARN_NON_LITERAL_NULL_CONVERSION = YES;
				CLANG_WARN_OBJC_IMPLICIT_RETAIN_SELF = YES;
				CLANG_WARN_OBJC_LITERAL_CONVERSION = YES;
				CLANG_WARN_OBJC_ROOT_CLASS = YES_ERROR;
				CLANG_WARN_QUOTED_INCLUDE_IN_FRAMEWORK_HEADER = YES;
				CLANG_WARN_RANGE_LOOP_ANALYSIS = YES;
				CLANG_WARN_STRICT_PROTOTYPES = YES;
				CLANG_WARN_SUSPICIOUS_MOVE = YES;
				CLANG_WARN_UNGUARDED_AVAILABILITY = YES_AGGRESSIVE;
				CLANG_WARN_UNREACHABLE_CODE = YES;
				CLANG_WARN__DUPLICATE_METHOD_MATCH = YES;
				COPY_PHASE_STRIP = NO;
				DEBUG_INFORMATION_FORMAT = dwarf;
				ENABLE_STRICT_OBJC_MSGSEND = YES;
				ENABLE_TESTABILITY = YES;
				ENABLE_USER_SCRIPT_SANDBOXING = YES;
				GCC_C_LANGUAGE_STANDARD = gnu17;
				GCC_DYNAMIC_NO_PIC = NO;
				GCC_NO_COMMON_BLOCKS = YES;
				GCC_OPTIMIZATION_LEVEL = 0;
				GCC_PREPROCESSOR_DEFINITIONS = (
					"DEBUG=1",
					"$(inherited)",
				);
				GCC_WARN_64_TO_32_BIT_CONVERSION = YES;
				GCC_WARN_ABOUT_RETURN_TYPE = YES_ERROR;
				GCC_WARN_UNDECLARED_SELECTOR = YES;
				GCC_WARN_UNINITIALIZED_AUTOS = YES_AGGRESSIVE;
				GCC_WARN_UNUSED_FUNCTION = YES;
				GCC_WARN_UNUSED_VARIABLE = YES;
				IPHONEOS_DEPLOYMENT_TARGET = 18.4;
				LOCALIZATION_PREFERS_STRING_CATALOGS = YES;
				MTL_ENABLE_DEBUG_INFO = INCLUDE_SOURCE;
				MTL_FAST_MATH = YES;
				ONLY_ACTIVE_ARCH = YES;
				SDKROOT = iphoneos;
				SWIFT_ACTIVE_COMPILATION_CONDITIONS = "DEBUG $(inherited)";
				SWIFT_OPTIMIZATION_LEVEL = "-Onone";
			};
			name = Debug;
		};
		896F8DBD2DD1050700A641D5 /* Release */ = {
			isa = XCBuildConfiguration;
			buildSettings = {
				ALWAYS_SEARCH_USER_PATHS = NO;
				ASSETCATALOG_COMPILER_GENERATE_SWIFT_ASSET_SYMBOL_EXTENSIONS = YES;
				CLANG_ANALYZER_NONNULL = YES;
				CLANG_ANALYZER_NUMBER_OBJECT_CONVERSION = YES_AGGRESSIVE;
				CLANG_CXX_LANGUAGE_STANDARD = "gnu++20";
				CLANG_ENABLE_MODULES = YES;
				CLANG_ENABLE_OBJC_ARC = YES;
				CLANG_ENABLE_OBJC_WEAK = YES;
				CLANG_WARN_BLOCK_CAPTURE_AUTORELEASING = YES;
				CLANG_WARN_BOOL_CONVERSION = YES;
				CLANG_WARN_COMMA = YES;
				CLANG_WARN_CONSTANT_CONVERSION = YES;
				CLANG_WARN_DEPRECATED_OBJC_IMPLEMENTATIONS = YES;
				CLANG_WARN_DIRECT_OBJC_ISA_USAGE = YES_ERROR;
				CLANG_WARN_DOCUMENTATION_COMMENTS = YES;
				CLANG_WARN_EMPTY_BODY = YES;
				CLANG_WARN_ENUM_CONVERSION = YES;
				CLANG_WARN_INFINITE_RECURSION = YES;
				CLANG_WARN_INT_CONVERSION = YES;
				CLANG_WARN_NON_LITERAL_NULL_CONVERSION = YES;
				CLANG_WARN_OBJC_IMPLICIT_RETAIN_SELF = YES;
				CLANG_WARN_OBJC_LITERAL_CONVERSION = YES;
				CLANG_WARN_OBJC_ROOT_CLASS = YES_ERROR;
				CLANG_WARN_QUOTED_INCLUDE_IN_FRAMEWORK_HEADER = YES;
				CLANG_WARN_RANGE_LOOP_ANALYSIS = YES;
				CLANG_WARN_STRICT_PROTOTYPES = YES;
				CLANG_WARN_SUSPICIOUS_MOVE = YES;
				CLANG_WARN_UNGUARDED_AVAILABILITY = YES_AGGRESSIVE;
				CLANG_WARN_UNREACHABLE_CODE = YES;
				CLANG_WARN__DUPLICATE_METHOD_MATCH = YES;
				COPY_PHASE_STRIP = NO;
				DEBUG_INFORMATION_FORMAT = "dwarf-with-dsym";
				ENABLE_NS_ASSERTIONS = NO;
				ENABLE_STRICT_OBJC_MSGSEND = YES;
				ENABLE_USER_SCRIPT_SANDBOXING = YES;
				GCC_C_LANGUAGE_STANDARD = gnu17;
				GCC_NO_COMMON_BLOCKS = YES;
				GCC_WARN_64_TO_32_BIT_CONVERSION = YES;
				GCC_WARN_ABOUT_RETURN_TYPE = YES_ERROR;
				GCC_WARN_UNDECLARED_SELECTOR = YES;
				GCC_WARN_UNINITIALIZED_AUTOS = YES_AGGRESSIVE;
				GCC_WARN_UNUSED_FUNCTION = YES;
				GCC_WARN_UNUSED_VARIABLE = YES;
				IPHONEOS_DEPLOYMENT_TARGET = 18.4;
				LOCALIZATION_PREFERS_STRING_CATALOGS = YES;
				MTL_ENABLE_DEBUG_INFO = NO;
				MTL_FAST_MATH = YES;
				SDKROOT = iphoneos;
				SWIFT_COMPILATION_MODE = wholemodule;
				VALIDATE_PRODUCT = YES;
			};
			name = Release;
		};
		896F8DBF2DD1050700A641D5 /* Debug */ = {
			isa = XCBuildConfiguration;
			buildSettings = {
				ASSETCATALOG_COMPILER_APPICON_NAME = AppIcon;
				ASSETCATALOG_COMPILER_GLOBAL_ACCENT_COLOR_NAME = AccentColor;
				CODE_SIGN_STYLE = Automatic;
				CURRENT_PROJECT_VERSION = 1;
				DEVELOPMENT_TEAM = UMS95NYGUN;
				ENABLE_PREVIEWS = YES;
				GENERATE_INFOPLIST_FILE = YES;
				INFOPLIST_KEY_UIApplicationSceneManifest_Generation = YES;
				INFOPLIST_KEY_UIApplicationSupportsIndirectInputEvents = YES;
				INFOPLIST_KEY_UILaunchScreen_Generation = YES;
				INFOPLIST_KEY_UISupportedInterfaceOrientations_iPad = "UIInterfaceOrientationPortrait UIInterfaceOrientationPortraitUpsideDown UIInterfaceOrientationLandscapeLeft UIInterfaceOrientationLandscapeRight";
				INFOPLIST_KEY_UISupportedInterfaceOrientations_iPhone = "UIInterfaceOrientationPortrait UIInterfaceOrientationLandscapeLeft UIInterfaceOrientationLandscapeRight";
				LD_RUNPATH_SEARCH_PATHS = (
					"$(inherited)",
					"@executable_path/Frameworks",
				);
				MARKETING_VERSION = 1.0;
				PRODUCT_BUNDLE_IDENTIFIER = aoiro.savant.ShikiShiroFanClub;
				PRODUCT_NAME = "$(TARGET_NAME)";
				SWIFT_EMIT_LOC_STRINGS = YES;
				SWIFT_VERSION = 5.0;
				TARGETED_DEVICE_FAMILY = "1,2";
			};
			name = Debug;
		};
		896F8DC02DD1050700A641D5 /* Release */ = {
			isa = XCBuildConfiguration;
			buildSettings = {
				ASSETCATALOG_COMPILER_APPICON_NAME = AppIcon;
				ASSETCATALOG_COMPILER_GLOBAL_ACCENT_COLOR_NAME = AccentColor;
				CODE_SIGN_STYLE = Automatic;
				CURRENT_PROJECT_VERSION = 1;
				DEVELOPMENT_TEAM = UMS95NYGUN;
				ENABLE_PREVIEWS = YES;
				GENERATE_INFOPLIST_FILE = YES;
				INFOPLIST_KEY_UIApplicationSceneManifest_Generation = YES;
				INFOPLIST_KEY_UIApplicationSupportsIndirectInputEvents = YES;
				INFOPLIST_KEY_UILaunchScreen_Generation = YES;
				INFOPLIST_KEY_UISupportedInterfaceOrientations_iPad = "UIInterfaceOrientationPortrait UIInterfaceOrientationPortraitUpsideDown UIInterfaceOrientationLandscapeLeft UIInterfaceOrientationLandscapeRight";
				INFOPLIST_KEY_UISupportedInterfaceOrientations_iPhone = "UIInterfaceOrientationPortrait UIInterfaceOrientationLandscapeLeft UIInterfaceOrientationLandscapeRight";
				LD_RUNPATH_SEARCH_PATHS = (
					"$(inherited)",
					"@executable_path/Frameworks",
				);
				MARKETING_VERSION = 1.0;
				PRODUCT_BUNDLE_IDENTIFIER = aoiro.savant.ShikiShiroFanClub;
				PRODUCT_NAME = "$(TARGET_NAME)";
				SWIFT_EMIT_LOC_STRINGS = YES;
				SWIFT_VERSION = 5.0;
				TARGETED_DEVICE_FAMILY = "1,2";
			};
			name = Release;
		};
		896F8DC22DD1050700A641D5 /* Debug */ = {
			isa = XCBuildConfiguration;
			buildSettings = {
				BUNDLE_LOADER = "$(TEST_HOST)";
				CODE_SIGN_STYLE = Automatic;
				CURRENT_PROJECT_VERSION = 1;
				GENERATE_INFOPLIST_FILE = YES;
				IPHONEOS_DEPLOYMENT_TARGET = 18.4;
				MARKETING_VERSION = 1.0;
				PRODUCT_BUNDLE_IDENTIFIER = aoiro.savant.ShikiShiroFanClubTests;
				PRODUCT_NAME = "$(TARGET_NAME)";
				SWIFT_EMIT_LOC_STRINGS = NO;
				SWIFT_VERSION = 5.0;
				TARGETED_DEVICE_FAMILY = "1,2";
				TEST_HOST = "$(BUILT_PRODUCTS_DIR)/ShikiShiroFanClub.app/$(BUNDLE_EXECUTABLE_FOLDER_PATH)/ShikiShiroFanClub";
			};
			name = Debug;
		};
		896F8DC32DD1050700A641D5 /* Release */ = {
			isa = XCBuildConfiguration;
			buildSettings = {
				BUNDLE_LOADER = "$(TEST_HOST)";
				CODE_SIGN_STYLE = Automatic;
				CURRENT_PROJECT_VERSION = 1;
				GENERATE_INFOPLIST_FILE = YES;
				IPHONEOS_DEPLOYMENT_TARGET = 18.4;
				MARKETING_VERSION = 1.0;
				PRODUCT_BUNDLE_IDENTIFIER = aoiro.savant.ShikiShiroFanClubTests;
				PRODUCT_NAME = "$(TARGET_NAME)";
				SWIFT_EMIT_LOC_STRINGS = NO;
				SWIFT_VERSION = 5.0;
				TARGETED_DEVICE_FAMILY = "1,2";
				TEST_HOST = "$(BUILT_PRODUCTS_DIR)/ShikiShiroFanClub.app/$(BUNDLE_EXECUTABLE_FOLDER_PATH)/ShikiShiroFanClub";
			};
			name = Release;
		};
		896F8DC52DD1050700A641D5 /* Debug */ = {
			isa = XCBuildConfiguration;
			buildSettings = {
				CODE_SIGN_STYLE = Automatic;
				CURRENT_PROJECT_VERSION = 1;
				GENERATE_INFOPLIST_FILE = YES;
				MARKETING_VERSION = 1.0;
				PRODUCT_BUNDLE_IDENTIFIER = aoiro.savant.ShikiShiroFanClubUITests;
				PRODUCT_NAME = "$(TARGET_NAME)";
				SWIFT_EMIT_LOC_STRINGS = NO;
				SWIFT_VERSION = 5.0;
				TARGETED_DEVICE_FAMILY = "1,2";
				TEST_TARGET_NAME = ShikiShiroFanClub;
			};
			name = Debug;
		};
		896F8DC62DD1050700A641D5 /* Release */ = {
			isa = XCBuildConfiguration;
			buildSettings = {
				CODE_SIGN_STYLE = Automatic;
				CURRENT_PROJECT_VERSION = 1;
				GENERATE_INFOPLIST_FILE = YES;
				MARKETING_VERSION = 1.0;
				PRODUCT_BUNDLE_IDENTIFIER = aoiro.savant.ShikiShiroFanClubUITests;
				PRODUCT_NAME = "$(TARGET_NAME)";
				SWIFT_EMIT_LOC_STRINGS = NO;
				SWIFT_VERSION = 5.0;
				TARGETED_DEVICE_FAMILY = "1,2";
				TEST_TARGET_NAME = ShikiShiroFanClub;
			};
			name = Release;
		};
/* End XCBuildConfiguration section */

/* Begin XCConfigurationList section */
		896F8D962DD1050600A641D5 /* Build configuration list for PBXProject "ShikiShiroFanClub" */ = {
			isa = XCConfigurationList;
			buildConfigurations = (
				896F8DBC2DD1050700A641D5 /* Debug */,
				896F8DBD2DD1050700A641D5 /* Release */,
			);
			defaultConfigurationIsVisible = 0;
			defaultConfigurationName = Release;
		};
		896F8DBE2DD1050700A641D5 /* Build configuration list for PBXNativeTarget "ShikiShiroFanClub" */ = {
			isa = XCConfigurationList;
			buildConfigurations = (
				896F8DBF2DD1050700A641D5 /* Debug */,
				896F8DC02DD1050700A641D5 /* Release */,
			);
			defaultConfigurationIsVisible = 0;
			defaultConfigurationName = Release;
		};
		896F8DC12DD1050700A641D5 /* Build configuration list for PBXNativeTarget "ShikiShiroFanClubTests" */ = {
			isa = XCConfigurationList;
			buildConfigurations = (
				896F8DC22DD1050700A641D5 /* Debug */,
				896F8DC32DD1050700A641D5 /* Release */,
			);
			defaultConfigurationIsVisible = 0;
			defaultConfigurationName = Release;
		};
		896F8DC42DD1050700A641D5 /* Build configuration list for PBXNativeTarget "ShikiShiroFanClubUITests" */ = {
			isa = XCConfigurationList;
			buildConfigurations = (
				896F8DC52DD1050700A641D5 /* Debug */,
				896F8DC62DD1050700A641D5 /* Release */,
			);
			defaultConfigurationIsVisible = 0;
			defaultConfigurationName = Release;
		};
/* End XCConfigurationList section */
	};
	rootObject = 896F8D932DD1050600A641D5 /* Project object */;
}
